
Microsoft Visual Studio Solution File, Format Version 12.00
# Visual Studio 15
VisualStudioVersion = 15.0.27428.2037
MinimumVisualStudioVersion = 10.0.40219.1
Project("{FAE04EC0-301F-11D3-BF4B-00C04F79EFBC}") = "Azure-532-lab", "Azure-532-lab\Azure-532-lab.csproj", "{7BE792EF-B36B-42EC-BB24-73FEA9C324D4}"
EndProject
Global
	GlobalSection(SolutionConfigurationPlatforms) = preSolution
		Debug|Any CPU = Debug|Any CPU
		Release|Any CPU = Release|Any CPU
	EndGlobalSection
	GlobalSection(ProjectConfigurationPlatforms) = postSolution
		{7BE792EF-B36B-42EC-BB24-73FEA9C324D4}.Debug|Any CPU.ActiveCfg = Debug|Any CPU
		{7BE792EF-B36B-42EC-BB24-73FEA9C324D4}.Debug|Any CPU.Build.0 = Debug|Any CPU
		{7BE792EF-B36B-42EC-BB24-73FEA9C324D4}.Release|Any CPU.ActiveCfg = Release|Any CPU
		{7BE792EF-B36B-42EC-BB24-73FEA9C324D4}.Release|Any CPU.Build.0 = Release|Any CPU
	EndGlobalSection
	GlobalSection(SolutionProperties) = preSolution
		HideSolutionNode = FALSE
	EndGlobalSection
	GlobalSection(ExtensibilityGlobals) = postSolution
		SolutionGuid = {18BAEE9F-7D89-47DA-9A04-9B62A407C5AB}
	EndGlobalSection
EndGlobal
